{"name": "storedesk-backend", "version": "1.0.0", "description": "StoreDesk Backend Proxy", "main": "app.js", "scripts": {"start": "node app.js", "dev": "nodemon app.js"}, "dependencies": {"axios": "^1.6.0", "express": "^4.18.2", "express-rate-limit": "^7.1.5"}, "devDependencies": {"nodemon": "^3.0.2"}}
